// !$*UTF8*$!
{
	archiveVersion = 1;
	classes = {
	};
	objectVersion = 46;
	objects = {

/* Begin PBXBuildFile section */
		A12742861C53F40100A37B5C /* AppDelegate.swift in Sources */ = {isa = PBXBuildFile; fileRef = A12742851C53F40100A37B5C /* AppDelegate.swift */; };
		A12742881C53F40100A37B5C /* ViewController.swift in Sources */ = {isa = PBXBuildFile; fileRef = A12742871C53F40100A37B5C /* ViewController.swift */; };
		A127428B1C53F40100A37B5C /* Main.storyboard in Resources */ = {isa = PBXBuildFile; fileRef = A12742891C53F40100A37B5C /* Main.storyboard */; };
		A127428D1C53F40100A37B5C /* Assets.xcassets in Resources */ = {isa = PBXBuildFile; fileRef = A127428C1C53F40100A37B5C /* Assets.xcassets */; };
		A12742901C53F40100A37B5C /* LaunchScreen.storyboard in Resources */ = {isa = PBXBuildFile; fileRef = A127428E1C53F40100A37B5C /* LaunchScreen.storyboard */; };
/* End PBXBuildFile section */

/* Begin PBXFileReference section */
		A12742821C53F40100A37B5C /* NewTextExchange.app */ = {isa = PBXFileReference; explicitFileType = wrapper.application; includeInIndex = 0; path = NewTextExchange.app; sourceTree = BUILT_PRODUCTS_DIR; };
		A12742851C53F40100A37B5C /* AppDelegate.swift */ = {isa = PBXFileReference; lastKnownFileType = sourcecode.swift; path = AppDelegate.swift; sourceTree = "<group>"; };
		A12742871C53F40100A37B5C /* ViewController.swift */ = {isa = PBXFileReference; lastKnownFileType = sourcecode.swift; path = ViewController.swift; sourceTree = "<group>"; };
		A127428A1C53F40100A37B5C /* Base */ = {isa = PBXFileReference; lastKnownFileType = file.storyboard; name = Base; path = Base.lproj/Main.storyboard; sourceTree = "<group>"; };
		A127428C1C53F40100A37B5C /* Assets.xcassets */ = {isa = PBXFileReference; lastKnownFileType = folder.assetcatalog; path = Assets.xcassets; sourceTree = "<group>"; };
		A127428F1C53F40100A37B5C /* Base */ = {isa = PBXFileReference; lastKnownFileType = file.storyboard; name = Base; path = Base.lproj/LaunchScreen.storyboard; sourceTree = "<group>"; };
		A12742911C53F40100A37B5C /* Info.plist */ = {isa = PBXFileReference; lastKnownFileType = text.plist.xml; path = Info.plist; sourceTree = "<group>"; };
/* End PBXFileReference section */

/* Begin PBXFrameworksBuildPhase section */
		A127427F1C53F40100A37B5C /* Frameworks */ = {
			isa = PBXFrameworksBuildPhase;
			buildActionMask = 2147483647;
			files = (
			);
			runOnlyForDeploymentPostprocessing = 0;
		};
/* End PBXFrameworksBuildPhase section */

/* Begin PBXGroup section */
		A12742791C53F40100A37B5C = {
			isa = PBXGroup;
			children = (
				A12742841C53F40100A37B5C /* NewTextExchange */,
				A12742831C53F40100A37B5C /* Products */,
			);
			sourceTree = "<group>";
		};
		A12742831C53F40100A37B5C /* Products */ = {
			isa = PBXGroup;
			children = (
				A12742821C53F40100A37B5C /* NewTextExchange.app */,
			);
			name = Products;
			sourceTree = "<group>";
		};
		A12742841C53F40100A37B5C /* NewTextExchange */ = {
			isa = PBXGroup;
			children = (
				A12742851C53F40100A37B5C /* AppDelegate.swift */,
				A12742871C53F40100A37B5C /* ViewController.swift */,
				A12742891C53F40100A37B5C /* Main.storyboard */,
				A127428C1C53F40100A37B5C /* Assets.xcassets */,
				A127428E1C53F40100A37B5C /* LaunchScreen.storyboard */,
				A12742911C53F40100A37B5C /* Info.plist */,
			);
			path = NewTextExchange;
			sourceTree = "<group>";
		};
/* End PBXGroup section */

/* Begin PBXNativeTarget section */
		A12742811C53F40100A37B5C /* NewTextExchange */ = {
			isa = PBXNativeTarget;
			buildConfigurationList = A12742941C53F40100A37B5C /* Build configuration list for PBXNativeTarget "NewTextExchange" */;
			buildPhases = (
				A127427E1C53F40100A37B5C /* Sources */,
				A127427F1C53F40100A37B5C /* Frameworks */,
				A12742801C53F40100A37B5C /* Resources */,
			);
			buildRules = (
			);
			dependencies = (
			);
			name = NewTextExchange;
			productName = NewTextExchange;
			productReference = A12742821C53F40100A37B5C /* NewTextExchange.app */;
			productType = "com.apple.product-type.application";
		};
/* End PBXNativeTarget section */

/* Begin PBXProject section */
		A127427A1C53F40100A37B5C /* Project object */ = {
			isa = PBXProject;
			attributes = {
				LastSwiftUpdateCheck = 0720;
				LastUpgradeCheck = 0720;
				ORGANIZATIONNAME = "Eric Suarez";
				TargetAttributes = {
					A12742811C53F40100A37B5C = {
						CreatedOnToolsVersion = 7.2;
					};
				};
			};
			buildConfigurationList = A127427D1C53F40100A37B5C /* Build configuration list for PBXProject "NewTextExchange" */;
			compatibilityVersion = "Xcode 3.2";
			developmentRegion = English;
			hasScannedForEncodings = 0;
			knownRegions = (
				en,
				Base,
			);
			mainGroup = A12742791C53F40100A37B5C;
			productRefGroup = A12742831C53F40100A37B5C /* Products */;
			projectDirPath = "";
			projectRoot = "";
			targets = (
				A12742811C53F40100A37B5C /* NewTextExchange */,
			);
		};
/* End PBXProject section */

/* Begin PBXResourcesBuildPhase section */
		A12742801C53F40100A37B5C /* Resources */ = {
			isa = PBXResourcesBuildPhase;
			buildActionMask = 2147483647;
			files = (
				A12742901C53F40100A37B5C /* LaunchScreen.storyboard in Resources */,
				A127428D1C53F40100A37B5C /* Assets.xcassets in Resources */,
				A127428B1C53F40100A37B5C /* Main.storyboard in Resources */,
			);
			runOnlyForDeploymentPostprocessing = 0;
		};
/* End PBXResourcesBuildPhase section */

/* Begin PBXSourcesBuildPhase section */
		A127427E1C53F40100A37B5C /* Sources */ = {
			isa = PBXSourcesBuildPhase;
			buildActionMask = 2147483647;
			files = (
				A12742881C53F40100A37B5C /* ViewController.swift in Sources */,
				A12742861C53F40100A37B5C /* AppDelegate.swift in Sources */,
			);
			runOnlyForDeploymentPostprocessing = 0;
		};
/* End PBXSourcesBuildPhase section */

/* Begin PBXVariantGroup section */
		A12742891C53F40100A37B5C /* Main.storyboard */ = {
			isa = PBXVariantGroup;
			children = (
				A127428A1C53F40100A37B5C /* Base */,
			);
			name = Main.storyboard;
			sourceTree = "<group>";
		};
		A127428E1C53F40100A37B5C /* LaunchScreen.storyboard */ = {
			isa = PBXVariantGroup;
			children = (
				A127428F1C53F40100A37B5C /* Base */,
			);
			name = LaunchScreen.storyboard;
			sourceTree = "<group>";
		};
/* End PBXVariantGroup section */

/* Begin XCBuildConfiguration section */
		A12742921C53F40100A37B5C /* Debug */ = {
			isa = XCBuildConfiguration;
			buildSettings = {
				ALWAYS_SEARCH_USER_PATHS = NO;
				CLANG_CXX_LANGUAGE_STANDARD = "gnu++0x";
				CLANG_CXX_LIBRARY = "libc++";
				CLANG_ENABLE_MODULES = YES;
				CLANG_ENABLE_OBJC_ARC = YES;
				CLANG_WARN_BOOL_CONVERSION = YES;
				CLANG_WARN_CONSTANT_CONVERSION = YES;
				CLANG_WARN_DIRECT_OBJC_ISA_USAGE = YES_ERROR;
				CLANG_WARN_EMPTY_BODY = YES;
				CLANG_WARN_ENUM_CONVERSION = YES;
				CLANG_WARN_INT_CONVERSION = YES;
				CLANG_WARN_OBJC_ROOT_CLASS = YES_ERROR;
				CLANG_WARN_UNREACHABLE_CODE = YES;
				CLANG_WARN__DUPLICATE_METHOD_MATCH = YES;
				"CODE_SIGN_IDENTITY[sdk=iphoneos*]" = "iPhone Developer";
				COPY_PHASE_STRIP = NO;
				DEBUG_INFORMATION_FORMAT = dwarf;
				ENABLE_STRICT_OBJC_MSGSEND = YES;
				ENABLE_TESTABILITY = YES;
				GCC_C_LANGUAGE_STANDARD = gnu99;
				GCC_DYNAMIC_NO_PIC = NO;
				GCC_NO_COMMON_BLOCKS = YES;
				GCC_OPTIMIZATION_LEVEL = 0;
				GCC_PREPROCESSOR_DEFINITIONS = (
					"DEBUG=1",
					"$(inherited)",
				);
				GCC_WARN_64_TO_32_BIT_CONVERSION = YES;
				GCC_WARN_ABOUT_RETURN_TYPE = YES_ERROR;
				GCC_WARN_UNDECLARED_SELECTOR = YES;
				GCC_WARN_UNINITIALIZED_AUTOS = YES_AGGRESSIVE;
				GCC_WARN_UNUSED_FUNCTION = YES;
				GCC_WARN_UNUSED_VARIABLE = YES;
				IPHONEOS_DEPLOYMENT_TARGET = 9.2;
				MTL_ENABLE_DEBUG_INFO = YES;
				ONLY_ACTIVE_ARCH = YES;
				SDKROOT = iphoneos;
				SWIFT_OPTIMIZATION_LEVEL = "-Onone";
			};
			name = Debug;
		};
		A12742931C53F40100A37B5C /* Release */ = {
			isa = XCBuildConfiguration;
			buildSettings = {
				ALWAYS_SEARCH_USER_PATHS = NO;
				CLANG_CXX_LANGUAGE_STANDARD = "gnu++0x";
				CLANG_CXX_LIBRARY = "libc++";
				CLANG_ENABLE_MODULES = YES;
				CLANG_ENABLE_OBJC_ARC = YES;
				CLANG_WARN_BOOL_CONVERSION = YES;
				CLANG_WARN_CONSTANT_CONVERSION = YES;
				CLANG_WARN_DIRECT_OBJC_ISA_USAGE = YES_ERROR;
				CLANG_WARN_EMPTY_BODY = YES;
				CLANG_WARN_ENUM_CONVERSION = YES;
				CLANG_WARN_INT_CONVERSION = YES;
				CLANG_WARN_OBJC_ROOT_CLASS = YES_ERROR;
				CLANG_WARN_UNREACHABLE_CODE = YES;
				CLANG_WARN__DUPLICATE_METHOD_MATCH = YES;
				"CODE_SIGN_IDENTITY[sdk=iphoneos*]" = "iPhone Developer";
				COPY_PHASE_STRIP = NO;
				DEBUG_INFORMATION_FORMAT = "dwarf-with-dsym";
				ENABLE_NS_ASSERTIONS = NO;
				ENABLE_STRICT_OBJC_MSGSEND = YES;
				GCC_C_LANGUAGE_STANDARD = gnu99;
				GCC_NO_COMMON_BLOCKS = YES;
				GCC_WARN_64_TO_32_BIT_CONVERSION = YES;
				GCC_WARN_ABOUT_RETURN_TYPE = YES_ERROR;
				GCC_WARN_UNDECLARED_SELECTOR = YES;
				GCC_WARN_UNINITIALIZED_AUTOS = YES_AGGRESSIVE;
				GCC_WARN_UNUSED_FUNCTION = YES;
				GCC_WARN_UNUSED_VARIABLE = YES;
				IPHONEOS_DEPLOYMENT_TARGET = 9.2;
				MTL_ENABLE_DEBUG_INFO = NO;
				SDKROOT = iphoneos;
				VALIDATE_PRODUCT = YES;
			};
			name = Release;
		};
		A12742951C53F40100A37B5C /* Debug */ = {
			isa = XCBuildConfiguration;
			buildSettings = {
				ASSETCATALOG_COMPILER_APPICON_NAME = AppIcon;
				INFOPLIST_FILE = NewTextExchange/Info.plist;
				LD_RUNPATH_SEARCH_PATHS = "$(inherited) @executable_path/Frameworks";
				PRODUCT_BUNDLE_IDENTIFIER = com.eric.NewTextExchange;
				PRODUCT_NAME = "$(TARGET_NAME)";
			};
			name = Debug;
		};
		A12742961C53F40100A37B5C /* Release */ = {
			isa = XCBuildConfiguration;
			buildSettings = {
				ASSETCATALOG_COMPILER_APPICON_NAME = AppIcon;
				INFOPLIST_FILE = NewTextExchange/Info.plist;
				LD_RUNPATH_SEARCH_PATHS = "$(inherited) @executable_path/Frameworks";
				PRODUCT_BUNDLE_IDENTIFIER = com.eric.NewTextExchange;
				PRODUCT_NAME = "$(TARGET_NAME)";
			};
			name = Release;
		};
/* End XCBuildConfiguration section */

/* Begin XCConfigurationList section */
		A127427D1C53F40100A37B5C /* Build configuration list for PBXProject "NewTextExchange" */ = {
			isa = XCConfigurationList;
			buildConfigurations = (
				A12742921C53F40100A37B5C /* Debug */,
				A12742931C53F40100A37B5C /* Release */,
			);
			defaultConfigurationIsVisible = 0;
			defaultConfigurationName = Release;
		};
		A12742941C53F40100A37B5C /* Build configuration list for PBXNativeTarget "NewTextExchange" */ = {
			isa = XCConfigurationList;
			buildConfigurations = (
				A12742951C53F40100A37B5C /* Debug */,
				A12742961C53F40100A37B5C /* Release */,
			);
			defaultConfigurationIsVisible = 0;
		};
/* End XCConfigurationList section */
	};
	rootObject = A127427A1C53F40100A37B5C /* Project object */;
}
